
Microsoft Visual Studio Solution File, Format Version 12.00
Project("{FAE04EC0-301F-11D3-BF4B-00C04F79EFBC}") = "FestivalHoa", "FestivalHoa\FestivalHoa.csproj", "{F2D79978-154F-432D-97A5-018761DD728F}"
EndProject
Global
	GlobalSection(SolutionConfigurationPlatforms) = preSolution
		Debug|Any CPU = Debug|Any CPU
		Release|Any CPU = Release|Any CPU
	EndGlobalSection
	GlobalSection(ProjectConfigurationPlatforms) = postSolution
		{F2D79978-154F-432D-97A5-018761DD728F}.Debug|Any CPU.ActiveCfg = Debug|Any CPU
		{F2D79978-154F-432D-97A5-018761DD728F}.Debug|Any CPU.Build.0 = Debug|Any CPU
		{F2D79978-154F-432D-97A5-018761DD728F}.Release|Any CPU.ActiveCfg = Release|Any CPU
		{F2D79978-154F-432D-97A5-018761DD728F}.Release|Any CPU.Build.0 = Release|Any CPU
	EndGlobalSection
EndGlobal
